
Microsoft Visual Studio Solution File, Format Version 12.00
# Visual Studio Version 16
VisualStudioVersion = 16.0.30011.22
MinimumVisualStudioVersion = 10.0.40219.1
Project("{FAE04EC0-301F-11D3-BF4B-00C04F79EFBC}") = "BenefitsOfLivingAbroad", "BenefitsOfLivingAbroad\BenefitsOfLivingAbroad.csproj", "{6C57D69A-F90C-482B-8564-7B45D481F3CE}"
EndProject
Global
	GlobalSection(SolutionConfigurationPlatforms) = preSolution
		Debug|Any CPU = Debug|Any CPU
		Release|Any CPU = Release|Any CPU
	EndGlobalSection
	GlobalSection(ProjectConfigurationPlatforms) = postSolution
		{6C57D69A-F90C-482B-8564-7B45D481F3CE}.Debug|Any CPU.ActiveCfg = Debug|Any CPU
		{6C57D69A-F90C-482B-8564-7B45D481F3CE}.Debug|Any CPU.Build.0 = Debug|Any CPU
		{6C57D69A-F90C-482B-8564-7B45D481F3CE}.Release|Any CPU.ActiveCfg = Release|Any CPU
		{6C57D69A-F90C-482B-8564-7B45D481F3CE}.Release|Any CPU.Build.0 = Release|Any CPU
	EndGlobalSection
	GlobalSection(SolutionProperties) = preSolution
		HideSolutionNode = FALSE
	EndGlobalSection
	GlobalSection(ExtensibilityGlobals) = postSolution
		SolutionGuid = {7A9FF583-3175-4DF8-9F52-59E7CE064613}
	EndGlobalSection
EndGlobal
